// !$*UTF8*$!
{
	archiveVersion = 1;
	classes = {
	};
	objectVersion = 46;
	objects = {

/* Begin PBXBuildFile section */
		B48649671C7B8DFF00780E8F /* Pokemon.swift in Sources */ = {isa = PBXBuildFile; fileRef = B48649661C7B8DFF00780E8F /* Pokemon.swift */; };
		B48649691C7B902E00780E8F /* NetworkController.swift in Sources */ = {isa = PBXBuildFile; fileRef = B48649681C7B902E00780E8F /* NetworkController.swift */; };
		B486496B1C7B910300780E8F /* PokemonController.swift in Sources */ = {isa = PBXBuildFile; fileRef = B486496A1C7B910300780E8F /* PokemonController.swift */; };
		B486496F1C7BDF9900780E8F /* SearchViewController.swift in Sources */ = {isa = PBXBuildFile; fileRef = B486496E1C7BDF9900780E8F /* SearchViewController.swift */; };
		B48649711C7BFF4700780E8F /* Default-568h@2x.png in Resources */ = {isa = PBXBuildFile; fileRef = B48649701C7BFF4700780E8F /* Default-568h@2x.png */; };
		B4E5D6C31C7ADFA400BB73E3 /* AppDelegate.swift in Sources */ = {isa = PBXBuildFile; fileRef = B4E5D6C21C7ADFA400BB73E3 /* AppDelegate.swift */; };
		B4E5D6C81C7ADFA400BB73E3 /* Main.storyboard in Resources */ = {isa = PBXBuildFile; fileRef = B4E5D6C61C7ADFA400BB73E3 /* Main.storyboard */; };
		B4E5D6CA1C7ADFA400BB73E3 /* Assets.xcassets in Resources */ = {isa = PBXBuildFile; fileRef = B4E5D6C91C7ADFA400BB73E3 /* Assets.xcassets */; };
		B4E5D6CD1C7ADFA400BB73E3 /* LaunchScreen.storyboard in Resources */ = {isa = PBXBuildFile; fileRef = B4E5D6CB1C7ADFA400BB73E3 /* LaunchScreen.storyboard */; };
/* End PBXBuildFile section */

/* Begin PBXFileReference section */
		B48649661C7B8DFF00780E8F /* Pokemon.swift */ = {isa = PBXFileReference; fileEncoding = 4; lastKnownFileType = sourcecode.swift; path = Pokemon.swift; sourceTree = "<group>"; };
		B48649681C7B902E00780E8F /* NetworkController.swift */ = {isa = PBXFileReference; fileEncoding = 4; lastKnownFileType = sourcecode.swift; path = NetworkController.swift; sourceTree = "<group>"; };
		B486496A1C7B910300780E8F /* PokemonController.swift */ = {isa = PBXFileReference; fileEncoding = 4; lastKnownFileType = sourcecode.swift; path = PokemonController.swift; sourceTree = "<group>"; };
		B486496E1C7BDF9900780E8F /* SearchViewController.swift */ = {isa = PBXFileReference; fileEncoding = 4; lastKnownFileType = sourcecode.swift; path = SearchViewController.swift; sourceTree = "<group>"; };
		B48649701C7BFF4700780E8F /* Default-568h@2x.png */ = {isa = PBXFileReference; lastKnownFileType = image.png; path = "Default-568h@2x.png"; sourceTree = "<group>"; };
		B4E5D6BF1C7ADFA400BB73E3 /* PokedexJSONPractice.app */ = {isa = PBXFileReference; explicitFileType = wrapper.application; includeInIndex = 0; path = PokedexJSONPractice.app; sourceTree = BUILT_PRODUCTS_DIR; };
		B4E5D6C21C7ADFA400BB73E3 /* AppDelegate.swift */ = {isa = PBXFileReference; lastKnownFileType = sourcecode.swift; path = AppDelegate.swift; sourceTree = "<group>"; };
		B4E5D6C71C7ADFA400BB73E3 /* Base */ = {isa = PBXFileReference; lastKnownFileType = file.storyboard; name = Base; path = Base.lproj/Main.storyboard; sourceTree = "<group>"; };
		B4E5D6C91C7ADFA400BB73E3 /* Assets.xcassets */ = {isa = PBXFileReference; lastKnownFileType = folder.assetcatalog; path = Assets.xcassets; sourceTree = "<group>"; };
		B4E5D6CC1C7ADFA400BB73E3 /* Base */ = {isa = PBXFileReference; lastKnownFileType = file.storyboard; name = Base; path = Base.lproj/LaunchScreen.storyboard; sourceTree = "<group>"; };
		B4E5D6CE1C7ADFA400BB73E3 /* Info.plist */ = {isa = PBXFileReference; lastKnownFileType = text.plist.xml; path = Info.plist; sourceTree = "<group>"; };
/* End PBXFileReference section */

/* Begin PBXFrameworksBuildPhase section */
		B4E5D6BC1C7ADFA400BB73E3 /* Frameworks */ = {
			isa = PBXFrameworksBuildPhase;
			buildActionMask = 2147483647;
			files = (
			);
			runOnlyForDeploymentPostprocessing = 0;
		};
/* End PBXFrameworksBuildPhase section */

/* Begin PBXGroup section */
		B4E5D6B61C7ADFA400BB73E3 = {
			isa = PBXGroup;
			children = (
				B48649701C7BFF4700780E8F /* Default-568h@2x.png */,
				B4E5D6C11C7ADFA400BB73E3 /* PokedexJSONPractice */,
				B4E5D6C01C7ADFA400BB73E3 /* Products */,
			);
			sourceTree = "<group>";
		};
		B4E5D6C01C7ADFA400BB73E3 /* Products */ = {
			isa = PBXGroup;
			children = (
				B4E5D6BF1C7ADFA400BB73E3 /* PokedexJSONPractice.app */,
			);
			name = Products;
			sourceTree = "<group>";
		};
		B4E5D6C11C7ADFA400BB73E3 /* PokedexJSONPractice */ = {
			isa = PBXGroup;
			children = (
				B4E5D6C21C7ADFA400BB73E3 /* AppDelegate.swift */,
				B48649681C7B902E00780E8F /* NetworkController.swift */,
				B48649661C7B8DFF00780E8F /* Pokemon.swift */,
				B486496A1C7B910300780E8F /* PokemonController.swift */,
				B486496E1C7BDF9900780E8F /* SearchViewController.swift */,
				B4E5D6C61C7ADFA400BB73E3 /* Main.storyboard */,
				B4E5D6C91C7ADFA400BB73E3 /* Assets.xcassets */,
				B4E5D6CB1C7ADFA400BB73E3 /* LaunchScreen.storyboard */,
				B4E5D6CE1C7ADFA400BB73E3 /* Info.plist */,
			);
			path = PokedexJSONPractice;
			sourceTree = "<group>";
		};
/* End PBXGroup section */

/* Begin PBXNativeTarget section */
		B4E5D6BE1C7ADFA400BB73E3 /* PokedexJSONPractice */ = {
			isa = PBXNativeTarget;
			buildConfigurationList = B4E5D6D11C7ADFA400BB73E3 /* Build configuration list for PBXNativeTarget "PokedexJSONPractice" */;
			buildPhases = (
				B4E5D6BB1C7ADFA400BB73E3 /* Sources */,
				B4E5D6BC1C7ADFA400BB73E3 /* Frameworks */,
				B4E5D6BD1C7ADFA400BB73E3 /* Resources */,
			);
			buildRules = (
			);
			dependencies = (
			);
			name = PokedexJSONPractice;
			productName = PokedexJSONPractice;
			productReference = B4E5D6BF1C7ADFA400BB73E3 /* PokedexJSONPractice.app */;
			productType = "com.apple.product-type.application";
		};
/* End PBXNativeTarget section */

/* Begin PBXProject section */
		B4E5D6B71C7ADFA400BB73E3 /* Project object */ = {
			isa = PBXProject;
			attributes = {
				LastSwiftUpdateCheck = 0720;
				LastUpgradeCheck = 0720;
				ORGANIZATIONNAME = MichaelMecham;
				TargetAttributes = {
					B4E5D6BE1C7ADFA400BB73E3 = {
						CreatedOnToolsVersion = 7.2;
						DevelopmentTeam = 4X68QUXMB5;
					};
				};
			};
			buildConfigurationList = B4E5D6BA1C7ADFA400BB73E3 /* Build configuration list for PBXProject "PokedexJSONPractice" */;
			compatibilityVersion = "Xcode 3.2";
			developmentRegion = English;
			hasScannedForEncodings = 0;
			knownRegions = (
				en,
				Base,
			);
			mainGroup = B4E5D6B61C7ADFA400BB73E3;
			productRefGroup = B4E5D6C01C7ADFA400BB73E3 /* Products */;
			projectDirPath = "";
			projectRoot = "";
			targets = (
				B4E5D6BE1C7ADFA400BB73E3 /* PokedexJSONPractice */,
			);
		};
/* End PBXProject section */

/* Begin PBXResourcesBuildPhase section */
		B4E5D6BD1C7ADFA400BB73E3 /* Resources */ = {
			isa = PBXResourcesBuildPhase;
			buildActionMask = 2147483647;
			files = (
				B4E5D6CD1C7ADFA400BB73E3 /* LaunchScreen.storyboard in Resources */,
				B48649711C7BFF4700780E8F /* Default-568h@2x.png in Resources */,
				B4E5D6CA1C7ADFA400BB73E3 /* Assets.xcassets in Resources */,
				B4E5D6C81C7ADFA400BB73E3 /* Main.storyboard in Resources */,
			);
			runOnlyForDeploymentPostprocessing = 0;
		};
/* End PBXResourcesBuildPhase section */

/* Begin PBXSourcesBuildPhase section */
		B4E5D6BB1C7ADFA400BB73E3 /* Sources */ = {
			isa = PBXSourcesBuildPhase;
			buildActionMask = 2147483647;
			files = (
				B486496F1C7BDF9900780E8F /* SearchViewController.swift in Sources */,
				B4E5D6C31C7ADFA400BB73E3 /* AppDelegate.swift in Sources */,
				B48649671C7B8DFF00780E8F /* Pokemon.swift in Sources */,
				B48649691C7B902E00780E8F /* NetworkController.swift in Sources */,
				B486496B1C7B910300780E8F /* PokemonController.swift in Sources */,
			);
			runOnlyForDeploymentPostprocessing = 0;
		};
/* End PBXSourcesBuildPhase section */

/* Begin PBXVariantGroup section */
		B4E5D6C61C7ADFA400BB73E3 /* Main.storyboard */ = {
			isa = PBXVariantGroup;
			children = (
				B4E5D6C71C7ADFA400BB73E3 /* Base */,
			);
			name = Main.storyboard;
			sourceTree = "<group>";
		};
		B4E5D6CB1C7ADFA400BB73E3 /* LaunchScreen.storyboard */ = {
			isa = PBXVariantGroup;
			children = (
				B4E5D6CC1C7ADFA400BB73E3 /* Base */,
			);
			name = LaunchScreen.storyboard;
			sourceTree = "<group>";
		};
/* End PBXVariantGroup section */

/* Begin XCBuildConfiguration section */
		B4E5D6CF1C7ADFA400BB73E3 /* Debug */ = {
			isa = XCBuildConfiguration;
			buildSettings = {
				ALWAYS_SEARCH_USER_PATHS = NO;
				CLANG_CXX_LANGUAGE_STANDARD = "gnu++0x";
				CLANG_CXX_LIBRARY = "libc++";
				CLANG_ENABLE_MODULES = YES;
				CLANG_ENABLE_OBJC_ARC = YES;
				CLANG_WARN_BOOL_CONVERSION = YES;
				CLANG_WARN_CONSTANT_CONVERSION = YES;
				CLANG_WARN_DIRECT_OBJC_ISA_USAGE = YES_ERROR;
				CLANG_WARN_EMPTY_BODY = YES;
				CLANG_WARN_ENUM_CONVERSION = YES;
				CLANG_WARN_INT_CONVERSION = YES;
				CLANG_WARN_OBJC_ROOT_CLASS = YES_ERROR;
				CLANG_WARN_UNREACHABLE_CODE = YES;
				CLANG_WARN__DUPLICATE_METHOD_MATCH = YES;
				"CODE_SIGN_IDENTITY[sdk=iphoneos*]" = "iPhone Developer";
				COPY_PHASE_STRIP = NO;
				DEBUG_INFORMATION_FORMAT = dwarf;
				ENABLE_STRICT_OBJC_MSGSEND = YES;
				ENABLE_TESTABILITY = YES;
				GCC_C_LANGUAGE_STANDARD = gnu99;
				GCC_DYNAMIC_NO_PIC = NO;
				GCC_NO_COMMON_BLOCKS = YES;
				GCC_OPTIMIZATION_LEVEL = 0;
				GCC_PREPROCESSOR_DEFINITIONS = (
					"DEBUG=1",
					"$(inherited)",
				);
				GCC_WARN_64_TO_32_BIT_CONVERSION = YES;
				GCC_WARN_ABOUT_RETURN_TYPE = YES_ERROR;
				GCC_WARN_UNDECLARED_SELECTOR = YES;
				GCC_WARN_UNINITIALIZED_AUTOS = YES_AGGRESSIVE;
				GCC_WARN_UNUSED_FUNCTION = YES;
				GCC_WARN_UNUSED_VARIABLE = YES;
				IPHONEOS_DEPLOYMENT_TARGET = 9.2;
				MTL_ENABLE_DEBUG_INFO = YES;
				ONLY_ACTIVE_ARCH = YES;
				SDKROOT = iphoneos;
				SWIFT_OPTIMIZATION_LEVEL = "-Onone";
			};
			name = Debug;
		};
		B4E5D6D01C7ADFA400BB73E3 /* Release */ = {
			isa = XCBuildConfiguration;
			buildSettings = {
				ALWAYS_SEARCH_USER_PATHS = NO;
				CLANG_CXX_LANGUAGE_STANDARD = "gnu++0x";
				CLANG_CXX_LIBRARY = "libc++";
				CLANG_ENABLE_MODULES = YES;
				CLANG_ENABLE_OBJC_ARC = YES;
				CLANG_WARN_BOOL_CONVERSION = YES;
				CLANG_WARN_CONSTANT_CONVERSION = YES;
				CLANG_WARN_DIRECT_OBJC_ISA_USAGE = YES_ERROR;
				CLANG_WARN_EMPTY_BODY = YES;
				CLANG_WARN_ENUM_CONVERSION = YES;
				CLANG_WARN_INT_CONVERSION = YES;
				CLANG_WARN_OBJC_ROOT_CLASS = YES_ERROR;
				CLANG_WARN_UNREACHABLE_CODE = YES;
				CLANG_WARN__DUPLICATE_METHOD_MATCH = YES;
				"CODE_SIGN_IDENTITY[sdk=iphoneos*]" = "iPhone Developer";
				COPY_PHASE_STRIP = NO;
				DEBUG_INFORMATION_FORMAT = "dwarf-with-dsym";
				ENABLE_NS_ASSERTIONS = NO;
				ENABLE_STRICT_OBJC_MSGSEND = YES;
				GCC_C_LANGUAGE_STANDARD = gnu99;
				GCC_NO_COMMON_BLOCKS = YES;
				GCC_WARN_64_TO_32_BIT_CONVERSION = YES;
				GCC_WARN_ABOUT_RETURN_TYPE = YES_ERROR;
				GCC_WARN_UNDECLARED_SELECTOR = YES;
				GCC_WARN_UNINITIALIZED_AUTOS = YES_AGGRESSIVE;
				GCC_WARN_UNUSED_FUNCTION = YES;
				GCC_WARN_UNUSED_VARIABLE = YES;
				IPHONEOS_DEPLOYMENT_TARGET = 9.2;
				MTL_ENABLE_DEBUG_INFO = NO;
				SDKROOT = iphoneos;
				VALIDATE_PRODUCT = YES;
			};
			name = Release;
		};
		B4E5D6D21C7ADFA400BB73E3 /* Debug */ = {
			isa = XCBuildConfiguration;
			buildSettings = {
				ASSETCATALOG_COMPILER_APPICON_NAME = AppIcon;
				INFOPLIST_FILE = PokedexJSONPractice/Info.plist;
				LD_RUNPATH_SEARCH_PATHS = "$(inherited) @executable_path/Frameworks";
				PRODUCT_BUNDLE_IDENTIFIER = com.MichaelMecham.PokedexJSONPractice;
				PRODUCT_NAME = "$(TARGET_NAME)";
			};
			name = Debug;
		};
		B4E5D6D31C7ADFA400BB73E3 /* Release */ = {
			isa = XCBuildConfiguration;
			buildSettings = {
				ASSETCATALOG_COMPILER_APPICON_NAME = AppIcon;
				INFOPLIST_FILE = PokedexJSONPractice/Info.plist;
				LD_RUNPATH_SEARCH_PATHS = "$(inherited) @executable_path/Frameworks";
				PRODUCT_BUNDLE_IDENTIFIER = com.MichaelMecham.PokedexJSONPractice;
				PRODUCT_NAME = "$(TARGET_NAME)";
			};
			name = Release;
		};
/* End XCBuildConfiguration section */

/* Begin XCConfigurationList section */
		B4E5D6BA1C7ADFA400BB73E3 /* Build configuration list for PBXProject "PokedexJSONPractice" */ = {
			isa = XCConfigurationList;
			buildConfigurations = (
				B4E5D6CF1C7ADFA400BB73E3 /* Debug */,
				B4E5D6D01C7ADFA400BB73E3 /* Release */,
			);
			defaultConfigurationIsVisible = 0;
			defaultConfigurationName = Release;
		};
		B4E5D6D11C7ADFA400BB73E3 /* Build configuration list for PBXNativeTarget "PokedexJSONPractice" */ = {
			isa = XCConfigurationList;
			buildConfigurations = (
				B4E5D6D21C7ADFA400BB73E3 /* Debug */,
				B4E5D6D31C7ADFA400BB73E3 /* Release */,
			);
			defaultConfigurationIsVisible = 0;
			defaultConfigurationName = Release;
		};
/* End XCConfigurationList section */
	};
	rootObject = B4E5D6B71C7ADFA400BB73E3 /* Project object */;
}
